Microsoft Visual Studio Solution File, Format Version 11.00
# Visual Studio 2008

Project("{20038A22-4993-F2D1-69CE-34305F07FC97}") = "CutinTest", "Assembly-CSharp-vs.csproj", "{BB74F3B5-9105-8A9D-DF76-A846F23DD85D}"
EndProject
Global
	GlobalSection(SolutionConfigurationPlatforms) = preSolution
		Debug|Any CPU = Debug|Any CPU
		Release|Any CPU = Release|Any CPU
	EndGlobalSection
	GlobalSection(ProjectConfigurationPlatforms) = postSolution
		{BB74F3B5-9105-8A9D-DF76-A846F23DD85D}.Debug|Any CPU.ActiveCfg = Debug|Any CPU
		{BB74F3B5-9105-8A9D-DF76-A846F23DD85D}.Debug|Any CPU.Build.0 = Debug|Any CPU
		{BB74F3B5-9105-8A9D-DF76-A846F23DD85D}.Release|Any CPU.ActiveCfg = Release|Any CPU
		{BB74F3B5-9105-8A9D-DF76-A846F23DD85D}.Release|Any CPU.Build.0 = Release|Any CPU
	EndGlobalSection
	GlobalSection(SolutionProperties) = preSolution
		HideSolutionNode = FALSE
	EndGlobalSection
		GlobalSection(MonoDevelopProperties) = preSolution
		StartupItem = Assembly-CSharp.csproj
		Policies = $0
		$0.TextStylePolicy = $1
		$1.inheritsSet = null
		$1.scope = text/x-csharp
		$0.CSharpFormattingPolicy = $2
		$2.inheritsSet = Mono
		$2.inheritsScope = text/x-csharp
		$2.scope = text/x-csharp
		$0.TextStylePolicy = $3
		$3.FileWidth = 120
		$3.TabWidth = 4
		$3.IndentWidth = 4
		$3.EolMarker = Unix
		$3.inheritsSet = Mono
		$3.inheritsScope = text/plain
		$3.scope = text/plain
	EndGlobalSection

EndGlobal
