
Microsoft Visual Studio Solution File, Format Version 12.00
# Visual Studio 2017
Project("{FAE04EC0-301F-11D3-BF4B-00C04F79EFBC}") = "ImageEffectTest", "ImageEffectTest.csproj", "{E7EE9285-E3DD-63BE-D082-A8C9978A2E9A}"
EndProject
Project("{FAE04EC0-301F-11D3-BF4B-00C04F79EFBC}") = "ImageEffectTest.Plugins", "ImageEffectTest.Plugins.csproj", "{23D883EF-3A93-D0E0-0B78-D0295C25F144}"
EndProject
Project("{FAE04EC0-301F-11D3-BF4B-00C04F79EFBC}") = "ImageEffectTest.Editor", "ImageEffectTest.Editor.csproj", "{6B738662-49E8-3D1D-851F-B79EA526450E}"
EndProject
Project("{FAE04EC0-301F-11D3-BF4B-00C04F79EFBC}") = "ImageEffectTest.Editor.Plugins", "ImageEffectTest.Editor.Plugins.csproj", "{C7623C74-AE63-C138-5D55-3D96DDD7F2BC}"
EndProject
Global
	GlobalSection(SolutionConfigurationPlatforms) = preSolution
		Debug|Any CPU = Debug|Any CPU
		Release|Any CPU = Release|Any CPU
	EndGlobalSection
	GlobalSection(ProjectConfigurationPlatforms) = postSolution
		{E7EE9285-E3DD-63BE-D082-A8C9978A2E9A}.Debug|Any CPU.ActiveCfg = Debug|Any CPU
		{E7EE9285-E3DD-63BE-D082-A8C9978A2E9A}.Debug|Any CPU.Build.0 = Debug|Any CPU
		{E7EE9285-E3DD-63BE-D082-A8C9978A2E9A}.Release|Any CPU.ActiveCfg = Release|Any CPU
		{E7EE9285-E3DD-63BE-D082-A8C9978A2E9A}.Release|Any CPU.Build.0 = Release|Any CPU
		{23D883EF-3A93-D0E0-0B78-D0295C25F144}.Debug|Any CPU.ActiveCfg = Debug|Any CPU
		{23D883EF-3A93-D0E0-0B78-D0295C25F144}.Debug|Any CPU.Build.0 = Debug|Any CPU
		{23D883EF-3A93-D0E0-0B78-D0295C25F144}.Release|Any CPU.ActiveCfg = Release|Any CPU
		{23D883EF-3A93-D0E0-0B78-D0295C25F144}.Release|Any CPU.Build.0 = Release|Any CPU
		{6B738662-49E8-3D1D-851F-B79EA526450E}.Debug|Any CPU.ActiveCfg = Debug|Any CPU
		{6B738662-49E8-3D1D-851F-B79EA526450E}.Debug|Any CPU.Build.0 = Debug|Any CPU
		{6B738662-49E8-3D1D-851F-B79EA526450E}.Release|Any CPU.ActiveCfg = Release|Any CPU
		{6B738662-49E8-3D1D-851F-B79EA526450E}.Release|Any CPU.Build.0 = Release|Any CPU
		{C7623C74-AE63-C138-5D55-3D96DDD7F2BC}.Debug|Any CPU.ActiveCfg = Debug|Any CPU
		{C7623C74-AE63-C138-5D55-3D96DDD7F2BC}.Debug|Any CPU.Build.0 = Debug|Any CPU
		{C7623C74-AE63-C138-5D55-3D96DDD7F2BC}.Release|Any CPU.ActiveCfg = Release|Any CPU
		{C7623C74-AE63-C138-5D55-3D96DDD7F2BC}.Release|Any CPU.Build.0 = Release|Any CPU
	EndGlobalSection
	GlobalSection(SolutionProperties) = preSolution
		HideSolutionNode = FALSE
	EndGlobalSection
EndGlobal
